
Microsoft Visual Studio Solution File, Format Version 12.00
# Visual Studio 2015
Project("{FAE04EC0-301F-11D3-BF4B-00C04F79EFBC}") = "Unity-Playground.CSharp.Plugins", "Unity-Playground.CSharp.Plugins.csproj", "{DC89BDD9-5772-30D5-331B-81007BA66104}"
EndProject
Project("{FAE04EC0-301F-11D3-BF4B-00C04F79EFBC}") = "Unity-Playground.CSharp", "Unity-Playground.CSharp.csproj", "{8FE15CC7-E26A-613C-007F-02363E4FEADF}"
EndProject
Project("{FAE04EC0-301F-11D3-BF4B-00C04F79EFBC}") = "Unity-Playground.CSharp.Editor", "Unity-Playground.CSharp.Editor.csproj", "{13C5AF4F-0C0A-4A47-6A7B-AC42797232C5}"
EndProject
Global
	GlobalSection(SolutionConfigurationPlatforms) = preSolution
		Debug|Any CPU = Debug|Any CPU
		Release|Any CPU = Release|Any CPU
	EndGlobalSection
	GlobalSection(ProjectConfigurationPlatforms) = postSolution
		{DC89BDD9-5772-30D5-331B-81007BA66104}.Debug|Any CPU.ActiveCfg = Debug|Any CPU
		{DC89BDD9-5772-30D5-331B-81007BA66104}.Debug|Any CPU.Build.0 = Debug|Any CPU
		{DC89BDD9-5772-30D5-331B-81007BA66104}.Release|Any CPU.ActiveCfg = Release|Any CPU
		{DC89BDD9-5772-30D5-331B-81007BA66104}.Release|Any CPU.Build.0 = Release|Any CPU
		{8FE15CC7-E26A-613C-007F-02363E4FEADF}.Debug|Any CPU.ActiveCfg = Debug|Any CPU
		{8FE15CC7-E26A-613C-007F-02363E4FEADF}.Debug|Any CPU.Build.0 = Debug|Any CPU
		{8FE15CC7-E26A-613C-007F-02363E4FEADF}.Release|Any CPU.ActiveCfg = Release|Any CPU
		{8FE15CC7-E26A-613C-007F-02363E4FEADF}.Release|Any CPU.Build.0 = Release|Any CPU
		{13C5AF4F-0C0A-4A47-6A7B-AC42797232C5}.Debug|Any CPU.ActiveCfg = Debug|Any CPU
		{13C5AF4F-0C0A-4A47-6A7B-AC42797232C5}.Debug|Any CPU.Build.0 = Debug|Any CPU
		{13C5AF4F-0C0A-4A47-6A7B-AC42797232C5}.Release|Any CPU.ActiveCfg = Release|Any CPU
		{13C5AF4F-0C0A-4A47-6A7B-AC42797232C5}.Release|Any CPU.Build.0 = Release|Any CPU
	EndGlobalSection
	GlobalSection(SolutionProperties) = preSolution
		HideSolutionNode = FALSE
	EndGlobalSection
EndGlobal
